{
  "name": "big-fetch",
  "version": "1.0.0",
  "lockfileVersion": 1,
  "requires": true,
  "dependencies": {
    "promise-polyfill": {
      "version": "7.1.1",
      "resolved": "http://registry.npm.taobao.org/promise-polyfill/download/promise-polyfill-7.1.1.tgz",
      "integrity": "sha1-OvJqV3lfJwxvVG+adJfHogRVZyk="
    },
    "whatwg-fetch": {
      "version": "2.0.3",
      "resolved": "http://registry.npm.taobao.org/whatwg-fetch/download/whatwg-fetch-2.0.3.tgz",
      "integrity": "sha1-nITsLc9oGH/wC8ZOEnS0QhduHIQ="
    }
  }
}
